
Microsoft Visual Studio Solution File, Format Version 12.00
# Visual Studio Version 16
VisualStudioVersion = 16.0.31424.327
MinimumVisualStudioVersion = 10.0.40219.1
Project("{FAE04EC0-301F-11D3-BF4B-00C04F79EFBC}") = "AzureFunctionAppDemo", "AzureFunctionAppDemo\AzureFunctionAppDemo.csproj", "{EA7692D1-0C58-4285-B532-D8939ADC7401}"
EndProject
Global
	GlobalSection(SolutionConfigurationPlatforms) = preSolution
		Debug|Any CPU = Debug|Any CPU
		Release|Any CPU = Release|Any CPU
	EndGlobalSection
	GlobalSection(ProjectConfigurationPlatforms) = postSolution
		{EA7692D1-0C58-4285-B532-D8939ADC7401}.Debug|Any CPU.ActiveCfg = Debug|Any CPU
		{EA7692D1-0C58-4285-B532-D8939ADC7401}.Debug|Any CPU.Build.0 = Debug|Any CPU
		{EA7692D1-0C58-4285-B532-D8939ADC7401}.Release|Any CPU.ActiveCfg = Release|Any CPU
		{EA7692D1-0C58-4285-B532-D8939ADC7401}.Release|Any CPU.Build.0 = Release|Any CPU
	EndGlobalSection
	GlobalSection(SolutionProperties) = preSolution
		HideSolutionNode = FALSE
	EndGlobalSection
	GlobalSection(ExtensibilityGlobals) = postSolution
		SolutionGuid = {1E6CAD96-8A01-43E4-8B2F-9BDE3299A017}
	EndGlobalSection
EndGlobal
